
Microsoft Visual Studio Solution File, Format Version 12.00
# Visual Studio 15
VisualStudioVersion = 15.0.28307.168
MinimumVisualStudioVersion = 10.0.40219.1
Project("{8BC9CEB8-8B4A-11D0-8D11-00A0C91BC942}") = "ViewportPlacements", "ViewportPlacements.vcxproj", "{BE9C4B08-F3F6-4019-820F-203B36B9D40A}"
EndProject
Global
	GlobalSection(SolutionConfigurationPlatforms) = preSolution
		Debug|x64 = Debug|x64
		Debug|x86 = Debug|x86
		Release|x64 = Release|x64
		Release|x86 = Release|x86
	EndGlobalSection
	GlobalSection(ProjectConfigurationPlatforms) = postSolution
		{BE9C4B08-F3F6-4019-820F-203B36B9D40A}.Debug|x64.ActiveCfg = Debug|x64
		{BE9C4B08-F3F6-4019-820F-203B36B9D40A}.Debug|x64.Build.0 = Debug|x64
		{BE9C4B08-F3F6-4019-820F-203B36B9D40A}.Debug|x86.ActiveCfg = Debug|Win32
		{BE9C4B08-F3F6-4019-820F-203B36B9D40A}.Debug|x86.Build.0 = Debug|Win32
		{BE9C4B08-F3F6-4019-820F-203B36B9D40A}.Release|x64.ActiveCfg = Release|x64
		{BE9C4B08-F3F6-4019-820F-203B36B9D40A}.Release|x64.Build.0 = Release|x64
		{BE9C4B08-F3F6-4019-820F-203B36B9D40A}.Release|x86.ActiveCfg = Release|Win32
		{BE9C4B08-F3F6-4019-820F-203B36B9D40A}.Release|x86.Build.0 = Release|Win32
	EndGlobalSection
	GlobalSection(SolutionProperties) = preSolution
		HideSolutionNode = FALSE
	EndGlobalSection
	GlobalSection(ExtensibilityGlobals) = postSolution
		SolutionGuid = {A67B5135-E564-4B9A-90DF-CA272E95E422}
	EndGlobalSection
EndGlobal
