
Microsoft Visual Studio Solution File, Format Version 12.00
# Visual Studio 15
VisualStudioVersion = 15.0.28307.168
MinimumVisualStudioVersion = 10.0.40219.1
Project("{8BC9CEB8-8B4A-11D0-8D11-00A0C91BC942}") = "02_Orthographic", "02_Orthographic.vcxproj", "{E1629EE4-EF1A-4D07-B295-61A676DFDE1C}"
EndProject
Global
	GlobalSection(SolutionConfigurationPlatforms) = preSolution
		Debug|x64 = Debug|x64
		Debug|x86 = Debug|x86
		Release|x64 = Release|x64
		Release|x86 = Release|x86
	EndGlobalSection
	GlobalSection(ProjectConfigurationPlatforms) = postSolution
		{E1629EE4-EF1A-4D07-B295-61A676DFDE1C}.Debug|x64.ActiveCfg = Debug|x64
		{E1629EE4-EF1A-4D07-B295-61A676DFDE1C}.Debug|x64.Build.0 = Debug|x64
		{E1629EE4-EF1A-4D07-B295-61A676DFDE1C}.Debug|x86.ActiveCfg = Debug|Win32
		{E1629EE4-EF1A-4D07-B295-61A676DFDE1C}.Debug|x86.Build.0 = Debug|Win32
		{E1629EE4-EF1A-4D07-B295-61A676DFDE1C}.Release|x64.ActiveCfg = Release|x64
		{E1629EE4-EF1A-4D07-B295-61A676DFDE1C}.Release|x64.Build.0 = Release|x64
		{E1629EE4-EF1A-4D07-B295-61A676DFDE1C}.Release|x86.ActiveCfg = Release|Win32
		{E1629EE4-EF1A-4D07-B295-61A676DFDE1C}.Release|x86.Build.0 = Release|Win32
	EndGlobalSection
	GlobalSection(SolutionProperties) = preSolution
		HideSolutionNode = FALSE
	EndGlobalSection
	GlobalSection(ExtensibilityGlobals) = postSolution
		SolutionGuid = {A0BAEEA8-8A77-4C5D-BEED-9106AE687550}
	EndGlobalSection
EndGlobal
