
Microsoft Visual Studio Solution File, Format Version 12.00
# Visual Studio 15
VisualStudioVersion = 15.0.28307.168
MinimumVisualStudioVersion = 10.0.40219.1
Project("{8BC9CEB8-8B4A-11D0-8D11-00A0C91BC942}") = "MyMaximizeWin32Window", "MyMaximizeWin32Window.vcxproj", "{8E00EEAA-05B1-4AB0-B0B6-2D681E3CFABD}"
EndProject
Global
	GlobalSection(SolutionConfigurationPlatforms) = preSolution
		Debug|x64 = Debug|x64
		Debug|x86 = Debug|x86
		Release|x64 = Release|x64
		Release|x86 = Release|x86
	EndGlobalSection
	GlobalSection(ProjectConfigurationPlatforms) = postSolution
		{8E00EEAA-05B1-4AB0-B0B6-2D681E3CFABD}.Debug|x64.ActiveCfg = Debug|x64
		{8E00EEAA-05B1-4AB0-B0B6-2D681E3CFABD}.Debug|x64.Build.0 = Debug|x64
		{8E00EEAA-05B1-4AB0-B0B6-2D681E3CFABD}.Debug|x86.ActiveCfg = Debug|Win32
		{8E00EEAA-05B1-4AB0-B0B6-2D681E3CFABD}.Debug|x86.Build.0 = Debug|Win32
		{8E00EEAA-05B1-4AB0-B0B6-2D681E3CFABD}.Release|x64.ActiveCfg = Release|x64
		{8E00EEAA-05B1-4AB0-B0B6-2D681E3CFABD}.Release|x64.Build.0 = Release|x64
		{8E00EEAA-05B1-4AB0-B0B6-2D681E3CFABD}.Release|x86.ActiveCfg = Release|Win32
		{8E00EEAA-05B1-4AB0-B0B6-2D681E3CFABD}.Release|x86.Build.0 = Release|Win32
	EndGlobalSection
	GlobalSection(SolutionProperties) = preSolution
		HideSolutionNode = FALSE
	EndGlobalSection
	GlobalSection(ExtensibilityGlobals) = postSolution
		SolutionGuid = {25C0FCB1-C6FD-44B1-BE79-BF4C7FC4AFE9}
	EndGlobalSection
EndGlobal
