
Microsoft Visual Studio Solution File, Format Version 12.00
# Visual Studio 15
VisualStudioVersion = 15.0.28307.168
MinimumVisualStudioVersion = 10.0.40219.1
Project("{8BC9CEB8-8B4A-11D0-8D11-00A0C91BC942}") = "Material24Sphere", "Material24Sphere.vcxproj", "{550961D3-89A3-4B69-9C5C-F7E5BD9B8E6B}"
EndProject
Global
	GlobalSection(SolutionConfigurationPlatforms) = preSolution
		Debug|x64 = Debug|x64
		Debug|x86 = Debug|x86
		Release|x64 = Release|x64
		Release|x86 = Release|x86
	EndGlobalSection
	GlobalSection(ProjectConfigurationPlatforms) = postSolution
		{550961D3-89A3-4B69-9C5C-F7E5BD9B8E6B}.Debug|x64.ActiveCfg = Debug|x64
		{550961D3-89A3-4B69-9C5C-F7E5BD9B8E6B}.Debug|x64.Build.0 = Debug|x64
		{550961D3-89A3-4B69-9C5C-F7E5BD9B8E6B}.Debug|x86.ActiveCfg = Debug|Win32
		{550961D3-89A3-4B69-9C5C-F7E5BD9B8E6B}.Debug|x86.Build.0 = Debug|Win32
		{550961D3-89A3-4B69-9C5C-F7E5BD9B8E6B}.Release|x64.ActiveCfg = Release|x64
		{550961D3-89A3-4B69-9C5C-F7E5BD9B8E6B}.Release|x64.Build.0 = Release|x64
		{550961D3-89A3-4B69-9C5C-F7E5BD9B8E6B}.Release|x86.ActiveCfg = Release|Win32
		{550961D3-89A3-4B69-9C5C-F7E5BD9B8E6B}.Release|x86.Build.0 = Release|Win32
	EndGlobalSection
	GlobalSection(SolutionProperties) = preSolution
		HideSolutionNode = FALSE
	EndGlobalSection
	GlobalSection(ExtensibilityGlobals) = postSolution
		SolutionGuid = {EF33D5E9-DFDF-4B9B-8F4F-493F4B9B447D}
	EndGlobalSection
EndGlobal
