
Microsoft Visual Studio Solution File, Format Version 12.00
# Visual Studio 15
VisualStudioVersion = 15.0.28307.168
MinimumVisualStudioVersion = 10.0.40219.1
Project("{8BC9CEB8-8B4A-11D0-8D11-00A0C91BC942}") = "08_TextureSmiley", "08_TextureSmiley.vcxproj", "{7CB62BE3-381B-4F0D-B9BB-D0D94B371A13}"
EndProject
Global
	GlobalSection(SolutionConfigurationPlatforms) = preSolution
		Debug|x64 = Debug|x64
		Debug|x86 = Debug|x86
		Release|x64 = Release|x64
		Release|x86 = Release|x86
	EndGlobalSection
	GlobalSection(ProjectConfigurationPlatforms) = postSolution
		{7CB62BE3-381B-4F0D-B9BB-D0D94B371A13}.Debug|x64.ActiveCfg = Debug|x64
		{7CB62BE3-381B-4F0D-B9BB-D0D94B371A13}.Debug|x64.Build.0 = Debug|x64
		{7CB62BE3-381B-4F0D-B9BB-D0D94B371A13}.Debug|x86.ActiveCfg = Debug|Win32
		{7CB62BE3-381B-4F0D-B9BB-D0D94B371A13}.Debug|x86.Build.0 = Debug|Win32
		{7CB62BE3-381B-4F0D-B9BB-D0D94B371A13}.Release|x64.ActiveCfg = Release|x64
		{7CB62BE3-381B-4F0D-B9BB-D0D94B371A13}.Release|x64.Build.0 = Release|x64
		{7CB62BE3-381B-4F0D-B9BB-D0D94B371A13}.Release|x86.ActiveCfg = Release|Win32
		{7CB62BE3-381B-4F0D-B9BB-D0D94B371A13}.Release|x86.Build.0 = Release|Win32
	EndGlobalSection
	GlobalSection(SolutionProperties) = preSolution
		HideSolutionNode = FALSE
	EndGlobalSection
	GlobalSection(ExtensibilityGlobals) = postSolution
		SolutionGuid = {56B1128E-69FD-4418-9C97-3C0BA89F870A}
	EndGlobalSection
EndGlobal
